
Microsoft Visual Studio Solution File, Format Version 12.00
# Visual Studio Version 17
VisualStudioVersion = 17.1.32328.378
MinimumVisualStudioVersion = 10.0.40219.1
Project("{9A19103F-16F7-4668-BE54-9A1E7A4F7556}") = "SFC.Infrastructure", "SFC.Infrastructure\SFC.Infrastructure.csproj", "{5B864BC4-E570-48C9-B185-272E9918BC3A}"
EndProject
Project("{9A19103F-16F7-4668-BE54-9A1E7A4F7556}") = "SFC", "SFC\SFC.csproj", "{737E580B-F5F7-4733-B250-321DD92CEDCA}"
EndProject
Project("{2150E333-8FDC-42A3-9474-1A3956D46DE8}") = "Modules", "Modules", "{CC89DF66-24C4-47C6-A47C-AC05E6485208}"
EndProject
Project("{9A19103F-16F7-4668-BE54-9A1E7A4F7556}") = "SFC.Alerts", "SFC.Alerts\SFC.Alerts.csproj", "{3EAF84F3-88EA-460F-873C-AA84D491FE29}"
EndProject
Project("{2150E333-8FDC-42A3-9474-1A3956D46DE8}") = "Docs", "Docs", "{99B2DDFD-21F5-4A1D-A01E-2B09F27D97BF}"
	ProjectSection(SolutionItems) = preProject
		..\README.md = ..\README.md
	EndProjectSection
EndProject
Project("{9A19103F-16F7-4668-BE54-9A1E7A4F7556}") = "SFC.Notifications", "SFC.Notifications\SFC.Notifications.csproj", "{07A23A6D-1DA6-420D-93A9-8E10F5A98A60}"
EndProject
Project("{9A19103F-16F7-4668-BE54-9A1E7A4F7556}") = "SFC.Processes", "SFC.Processes\SFC.Processes.csproj", "{9973E752-DAB2-4979-BAD4-EF612E57154B}"
EndProject
Project("{9A19103F-16F7-4668-BE54-9A1E7A4F7556}") = "SFC.SharedKernel", "SFC.SharedKernel\SFC.SharedKernel.csproj", "{EE6CFBE9-8C5C-4597-9990-EA0A50A9BDA7}"
EndProject
Project("{9A19103F-16F7-4668-BE54-9A1E7A4F7556}") = "SFC.SensorApi", "SFC.SensorApi\SFC.SensorApi.csproj", "{901D2842-EB18-4B93-8233-4C79DF73A75D}"
EndProject
Project("{9A19103F-16F7-4668-BE54-9A1E7A4F7556}") = "SFC.UserApi", "SFC.UsersApi\SFC.UserApi.csproj", "{B7A0B2C9-FE34-4239-A62C-8B6527F5AF1B}"
EndProject
Project("{9A19103F-16F7-4668-BE54-9A1E7A4F7556}") = "SFC.Sensors", "SFC.Sensors\SFC.Sensors.csproj", "{0F5FEF7A-66AE-41E6-A5FE-006F20C9EACE}"
EndProject
Project("{9A19103F-16F7-4668-BE54-9A1E7A4F7556}") = "SFC.AdminApi", "SFC.AdminApi\SFC.AdminApi.csproj", "{C3606D1D-E6FB-477D-8009-32CA1C315F1F}"
EndProject
Project("{2150E333-8FDC-42A3-9474-1A3956D46DE8}") = "Api", "Api", "{7CD3D1FD-3FE4-4240-9A8E-5FC471E94988}"
EndProject
Project("{9A19103F-16F7-4668-BE54-9A1E7A4F7556}") = "SFC.Tests", "SFC.Tests\SFC.Tests.csproj", "{BBD9AD7D-0779-487E-B673-B2EAF7F5AF82}"
EndProject
Project("{9A19103F-16F7-4668-BE54-9A1E7A4F7556}") = "SFC.Accounts", "SFC.Accounts\SFC.Accounts.csproj", "{25214CB0-3818-44A5-95D8-CE48034EA8A4}"
EndProject
Project("{9A19103F-16F7-4668-BE54-9A1E7A4F7556}") = "SFC.Infrastructure.Interfaces", "SFC.Infrastructure.Interfaces\SFC.Infrastructure.Interfaces.csproj", "{04C93F60-66B0-40D0-A283-0868A10B44DC}"
EndProject
Project("{9A19103F-16F7-4668-BE54-9A1E7A4F7556}") = "SFC.AuthenticationApi", "SFC.AuthenticationApi\SFC.AuthenticationApi.csproj", "{5D78C868-5691-4B18-98D9-2A811BEA4AC7}"
EndProject
Project("{2150E333-8FDC-42A3-9474-1A3956D46DE8}") = "Tools", "Tools", "{D467C74B-0F05-4785-B04D-2070F897A25D}"
EndProject
Project("{FAE04EC0-301F-11D3-BF4B-00C04F79EFBC}") = "ArchitectureDocumentationGenerator", "..\tools\ArchitectureDocumentationGenerator\ArchitectureDocumentationGenerator.csproj", "{6E8CEC3B-AF51-41B0-A133-730CEC70CBA1}"
EndProject
Global
	GlobalSection(SolutionConfigurationPlatforms) = preSolution
		Debug|Any CPU = Debug|Any CPU
		Release|Any CPU = Release|Any CPU
	EndGlobalSection
	GlobalSection(ProjectConfigurationPlatforms) = postSolution
		{5B864BC4-E570-48C9-B185-272E9918BC3A}.Debug|Any CPU.ActiveCfg = Debug|Any CPU
		{5B864BC4-E570-48C9-B185-272E9918BC3A}.Debug|Any CPU.Build.0 = Debug|Any CPU
		{5B864BC4-E570-48C9-B185-272E9918BC3A}.Release|Any CPU.ActiveCfg = Release|Any CPU
		{5B864BC4-E570-48C9-B185-272E9918BC3A}.Release|Any CPU.Build.0 = Release|Any CPU
		{737E580B-F5F7-4733-B250-321DD92CEDCA}.Debug|Any CPU.ActiveCfg = Debug|Any CPU
		{737E580B-F5F7-4733-B250-321DD92CEDCA}.Debug|Any CPU.Build.0 = Debug|Any CPU
		{737E580B-F5F7-4733-B250-321DD92CEDCA}.Release|Any CPU.ActiveCfg = Release|Any CPU
		{737E580B-F5F7-4733-B250-321DD92CEDCA}.Release|Any CPU.Build.0 = Release|Any CPU
		{3EAF84F3-88EA-460F-873C-AA84D491FE29}.Debug|Any CPU.ActiveCfg = Debug|Any CPU
		{3EAF84F3-88EA-460F-873C-AA84D491FE29}.Debug|Any CPU.Build.0 = Debug|Any CPU
		{3EAF84F3-88EA-460F-873C-AA84D491FE29}.Release|Any CPU.ActiveCfg = Release|Any CPU
		{3EAF84F3-88EA-460F-873C-AA84D491FE29}.Release|Any CPU.Build.0 = Release|Any CPU
		{07A23A6D-1DA6-420D-93A9-8E10F5A98A60}.Debug|Any CPU.ActiveCfg = Debug|Any CPU
		{07A23A6D-1DA6-420D-93A9-8E10F5A98A60}.Debug|Any CPU.Build.0 = Debug|Any CPU
		{07A23A6D-1DA6-420D-93A9-8E10F5A98A60}.Release|Any CPU.ActiveCfg = Release|Any CPU
		{07A23A6D-1DA6-420D-93A9-8E10F5A98A60}.Release|Any CPU.Build.0 = Release|Any CPU
		{9973E752-DAB2-4979-BAD4-EF612E57154B}.Debug|Any CPU.ActiveCfg = Debug|Any CPU
		{9973E752-DAB2-4979-BAD4-EF612E57154B}.Debug|Any CPU.Build.0 = Debug|Any CPU
		{9973E752-DAB2-4979-BAD4-EF612E57154B}.Release|Any CPU.ActiveCfg = Release|Any CPU
		{9973E752-DAB2-4979-BAD4-EF612E57154B}.Release|Any CPU.Build.0 = Release|Any CPU
		{EE6CFBE9-8C5C-4597-9990-EA0A50A9BDA7}.Debug|Any CPU.ActiveCfg = Debug|Any CPU
		{EE6CFBE9-8C5C-4597-9990-EA0A50A9BDA7}.Debug|Any CPU.Build.0 = Debug|Any CPU
		{EE6CFBE9-8C5C-4597-9990-EA0A50A9BDA7}.Release|Any CPU.ActiveCfg = Release|Any CPU
		{EE6CFBE9-8C5C-4597-9990-EA0A50A9BDA7}.Release|Any CPU.Build.0 = Release|Any CPU
		{901D2842-EB18-4B93-8233-4C79DF73A75D}.Debug|Any CPU.ActiveCfg = Debug|Any CPU
		{901D2842-EB18-4B93-8233-4C79DF73A75D}.Debug|Any CPU.Build.0 = Debug|Any CPU
		{901D2842-EB18-4B93-8233-4C79DF73A75D}.Release|Any CPU.ActiveCfg = Release|Any CPU
		{901D2842-EB18-4B93-8233-4C79DF73A75D}.Release|Any CPU.Build.0 = Release|Any CPU
		{B7A0B2C9-FE34-4239-A62C-8B6527F5AF1B}.Debug|Any CPU.ActiveCfg = Debug|Any CPU
		{B7A0B2C9-FE34-4239-A62C-8B6527F5AF1B}.Debug|Any CPU.Build.0 = Debug|Any CPU
		{B7A0B2C9-FE34-4239-A62C-8B6527F5AF1B}.Release|Any CPU.ActiveCfg = Release|Any CPU
		{B7A0B2C9-FE34-4239-A62C-8B6527F5AF1B}.Release|Any CPU.Build.0 = Release|Any CPU
		{0F5FEF7A-66AE-41E6-A5FE-006F20C9EACE}.Debug|Any CPU.ActiveCfg = Debug|Any CPU
		{0F5FEF7A-66AE-41E6-A5FE-006F20C9EACE}.Debug|Any CPU.Build.0 = Debug|Any CPU
		{0F5FEF7A-66AE-41E6-A5FE-006F20C9EACE}.Release|Any CPU.ActiveCfg = Release|Any CPU
		{0F5FEF7A-66AE-41E6-A5FE-006F20C9EACE}.Release|Any CPU.Build.0 = Release|Any CPU
		{C3606D1D-E6FB-477D-8009-32CA1C315F1F}.Debug|Any CPU.ActiveCfg = Debug|Any CPU
		{C3606D1D-E6FB-477D-8009-32CA1C315F1F}.Debug|Any CPU.Build.0 = Debug|Any CPU
		{C3606D1D-E6FB-477D-8009-32CA1C315F1F}.Release|Any CPU.ActiveCfg = Release|Any CPU
		{C3606D1D-E6FB-477D-8009-32CA1C315F1F}.Release|Any CPU.Build.0 = Release|Any CPU
		{BBD9AD7D-0779-487E-B673-B2EAF7F5AF82}.Debug|Any CPU.ActiveCfg = Debug|Any CPU
		{BBD9AD7D-0779-487E-B673-B2EAF7F5AF82}.Debug|Any CPU.Build.0 = Debug|Any CPU
		{BBD9AD7D-0779-487E-B673-B2EAF7F5AF82}.Release|Any CPU.ActiveCfg = Release|Any CPU
		{BBD9AD7D-0779-487E-B673-B2EAF7F5AF82}.Release|Any CPU.Build.0 = Release|Any CPU
		{25214CB0-3818-44A5-95D8-CE48034EA8A4}.Debug|Any CPU.ActiveCfg = Debug|Any CPU
		{25214CB0-3818-44A5-95D8-CE48034EA8A4}.Debug|Any CPU.Build.0 = Debug|Any CPU
		{25214CB0-3818-44A5-95D8-CE48034EA8A4}.Release|Any CPU.ActiveCfg = Release|Any CPU
		{25214CB0-3818-44A5-95D8-CE48034EA8A4}.Release|Any CPU.Build.0 = Release|Any CPU
		{04C93F60-66B0-40D0-A283-0868A10B44DC}.Debug|Any CPU.ActiveCfg = Debug|Any CPU
		{04C93F60-66B0-40D0-A283-0868A10B44DC}.Debug|Any CPU.Build.0 = Debug|Any CPU
		{04C93F60-66B0-40D0-A283-0868A10B44DC}.Release|Any CPU.ActiveCfg = Release|Any CPU
		{04C93F60-66B0-40D0-A283-0868A10B44DC}.Release|Any CPU.Build.0 = Release|Any CPU
		{5D78C868-5691-4B18-98D9-2A811BEA4AC7}.Debug|Any CPU.ActiveCfg = Debug|Any CPU
		{5D78C868-5691-4B18-98D9-2A811BEA4AC7}.Debug|Any CPU.Build.0 = Debug|Any CPU
		{5D78C868-5691-4B18-98D9-2A811BEA4AC7}.Release|Any CPU.ActiveCfg = Release|Any CPU
		{5D78C868-5691-4B18-98D9-2A811BEA4AC7}.Release|Any CPU.Build.0 = Release|Any CPU
		{6E8CEC3B-AF51-41B0-A133-730CEC70CBA1}.Debug|Any CPU.ActiveCfg = Debug|Any CPU
		{6E8CEC3B-AF51-41B0-A133-730CEC70CBA1}.Debug|Any CPU.Build.0 = Debug|Any CPU
		{6E8CEC3B-AF51-41B0-A133-730CEC70CBA1}.Release|Any CPU.ActiveCfg = Release|Any CPU
		{6E8CEC3B-AF51-41B0-A133-730CEC70CBA1}.Release|Any CPU.Build.0 = Release|Any CPU
	EndGlobalSection
	GlobalSection(SolutionProperties) = preSolution
		HideSolutionNode = FALSE
	EndGlobalSection
	GlobalSection(NestedProjects) = preSolution
		{3EAF84F3-88EA-460F-873C-AA84D491FE29} = {CC89DF66-24C4-47C6-A47C-AC05E6485208}
		{07A23A6D-1DA6-420D-93A9-8E10F5A98A60} = {CC89DF66-24C4-47C6-A47C-AC05E6485208}
		{9973E752-DAB2-4979-BAD4-EF612E57154B} = {CC89DF66-24C4-47C6-A47C-AC05E6485208}
		{901D2842-EB18-4B93-8233-4C79DF73A75D} = {7CD3D1FD-3FE4-4240-9A8E-5FC471E94988}
		{B7A0B2C9-FE34-4239-A62C-8B6527F5AF1B} = {7CD3D1FD-3FE4-4240-9A8E-5FC471E94988}
		{0F5FEF7A-66AE-41E6-A5FE-006F20C9EACE} = {CC89DF66-24C4-47C6-A47C-AC05E6485208}
		{C3606D1D-E6FB-477D-8009-32CA1C315F1F} = {7CD3D1FD-3FE4-4240-9A8E-5FC471E94988}
		{7CD3D1FD-3FE4-4240-9A8E-5FC471E94988} = {CC89DF66-24C4-47C6-A47C-AC05E6485208}
		{25214CB0-3818-44A5-95D8-CE48034EA8A4} = {CC89DF66-24C4-47C6-A47C-AC05E6485208}
		{5D78C868-5691-4B18-98D9-2A811BEA4AC7} = {7CD3D1FD-3FE4-4240-9A8E-5FC471E94988}
		{6E8CEC3B-AF51-41B0-A133-730CEC70CBA1} = {D467C74B-0F05-4785-B04D-2070F897A25D}
	EndGlobalSection
	GlobalSection(ExtensibilityGlobals) = postSolution
		SolutionGuid = {D70B1CA3-D71D-4BA5-8185-8A14B80228BB}
	EndGlobalSection
EndGlobal
